
Microsoft Visual Studio Solution File, Format Version 12.00
# Visual Studio Version 16
VisualStudioVersion = 16.0.29418.71
MinimumVisualStudioVersion = 10.0.40219.1
Project("{FAE04EC0-301F-11D3-BF4B-00C04F79EFBC}") = "CRC", "CRC.csproj", "{D2A466D1-DFF5-4AB3-9054-22F7B12C356A}"
EndProject
Project("{2150E333-8FDC-42A3-9474-1A3956D46DE8}") = "Solution Items", "Solution Items", "{B03193B1-0E4B-4DCF-A615-3F7826CC0138}"
EndProject
Global
	GlobalSection(SolutionConfigurationPlatforms) = preSolution
		Debug|Any CPU = Debug|Any CPU
		Release|Any CPU = Release|Any CPU
	EndGlobalSection
	GlobalSection(ProjectConfigurationPlatforms) = postSolution
		{D2A466D1-DFF5-4AB3-9054-22F7B12C356A}.Debug|Any CPU.ActiveCfg = Debug|Any CPU
		{D2A466D1-DFF5-4AB3-9054-22F7B12C356A}.Debug|Any CPU.Build.0 = Debug|Any CPU
		{D2A466D1-DFF5-4AB3-9054-22F7B12C356A}.Release|Any CPU.ActiveCfg = Release|Any CPU
		{D2A466D1-DFF5-4AB3-9054-22F7B12C356A}.Release|Any CPU.Build.0 = Release|Any CPU
	EndGlobalSection
	GlobalSection(SolutionProperties) = preSolution
		HideSolutionNode = FALSE
	EndGlobalSection
	GlobalSection(ExtensibilityGlobals) = postSolution
		SolutionGuid = {02810DD1-8A15-4155-B8F7-316D44C5D3B9}
	EndGlobalSection
EndGlobal
